// !$*UTF8*$!
{
	archiveVersion = 1;
	classes = {
	};
	objectVersion = 46;
	objects = {

/* Begin PBXBuildFile section */
		85BF5B051945809800E9F1B0 /* AppDelegate.swift in Sources */ = {isa = PBXBuildFile; fileRef = 85BF5B041945809800E9F1B0 /* AppDelegate.swift */; };
		85BF5B071945809800E9F1B0 /* RootViewController.swift in Sources */ = {isa = PBXBuildFile; fileRef = 85BF5B061945809800E9F1B0 /* RootViewController.swift */; };
		85BF5B091945809800E9F1B0 /* DataViewController.swift in Sources */ = {isa = PBXBuildFile; fileRef = 85BF5B081945809800E9F1B0 /* DataViewController.swift */; };
		85BF5B0B1945809800E9F1B0 /* ModelController.swift in Sources */ = {isa = PBXBuildFile; fileRef = 85BF5B0A1945809800E9F1B0 /* ModelController.swift */; };
		85BF5B0E1945809800E9F1B0 /* Main.storyboard in Resources */ = {isa = PBXBuildFile; fileRef = 85BF5B0C1945809800E9F1B0 /* Main.storyboard */; };
		85BF5B101945809800E9F1B0 /* Images.xcassets in Resources */ = {isa = PBXBuildFile; fileRef = 85BF5B0F1945809800E9F1B0 /* Images.xcassets */; };
		85BF5B1C1945809900E9F1B0 /* testTests.swift in Sources */ = {isa = PBXBuildFile; fileRef = 85BF5B1B1945809900E9F1B0 /* testTests.swift */; };
/* End PBXBuildFile section */

/* Begin PBXContainerItemProxy section */
		85BF5B161945809800E9F1B0 /* PBXContainerItemProxy */ = {
			isa = PBXContainerItemProxy;
			containerPortal = 85BF5AF71945809800E9F1B0 /* Project object */;
			proxyType = 1;
			remoteGlobalIDString = 85BF5AFE1945809800E9F1B0;
			remoteInfo = test;
		};
/* End PBXContainerItemProxy section */

/* Begin PBXFileReference section */
		85BF5AFF1945809800E9F1B0 /* test.app */ = {isa = PBXFileReference; explicitFileType = wrapper.application; includeInIndex = 0; path = test.app; sourceTree = BUILT_PRODUCTS_DIR; };
		85BF5B031945809800E9F1B0 /* Info.plist */ = {isa = PBXFileReference; lastKnownFileType = text.plist.xml; path = Info.plist; sourceTree = "<group>"; };
		85BF5B041945809800E9F1B0 /* AppDelegate.swift */ = {isa = PBXFileReference; lastKnownFileType = sourcecode.swift; path = AppDelegate.swift; sourceTree = "<group>"; };
		85BF5B061945809800E9F1B0 /* RootViewController.swift */ = {isa = PBXFileReference; lastKnownFileType = sourcecode.swift; path = RootViewController.swift; sourceTree = "<group>"; };
		85BF5B081945809800E9F1B0 /* DataViewController.swift */ = {isa = PBXFileReference; lastKnownFileType = sourcecode.swift; path = DataViewController.swift; sourceTree = "<group>"; };
		85BF5B0A1945809800E9F1B0 /* ModelController.swift */ = {isa = PBXFileReference; lastKnownFileType = sourcecode.swift; path = ModelController.swift; sourceTree = "<group>"; };
		85BF5B0D1945809800E9F1B0 /* Base */ = {isa = PBXFileReference; lastKnownFileType = file.storyboard; name = Base; path = Base.lproj/Main.storyboard; sourceTree = "<group>"; };
		85BF5B0F1945809800E9F1B0 /* Images.xcassets */ = {isa = PBXFileReference; lastKnownFileType = folder.assetcatalog; path = Images.xcassets; sourceTree = "<group>"; };
		85BF5B151945809800E9F1B0 /* testTests.xctest */ = {isa = PBXFileReference; explicitFileType = wrapper.cfbundle; includeInIndex = 0; path = testTests.xctest; sourceTree = BUILT_PRODUCTS_DIR; };
		85BF5B1A1945809800E9F1B0 /* Info.plist */ = {isa = PBXFileReference; lastKnownFileType = text.plist.xml; path = Info.plist; sourceTree = "<group>"; };
		85BF5B1B1945809900E9F1B0 /* testTests.swift */ = {isa = PBXFileReference; lastKnownFileType = sourcecode.swift; path = testTests.swift; sourceTree = "<group>"; };
/* End PBXFileReference section */

/* Begin PBXFrameworksBuildPhase section */
		85BF5AFC1945809800E9F1B0 /* Frameworks */ = {
			isa = PBXFrameworksBuildPhase;
			buildActionMask = 2147483647;
			files = (
			);
			runOnlyForDeploymentPostprocessing = 0;
		};
		85BF5B121945809800E9F1B0 /* Frameworks */ = {
			isa = PBXFrameworksBuildPhase;
			buildActionMask = 2147483647;
			files = (
			);
			runOnlyForDeploymentPostprocessing = 0;
		};
/* End PBXFrameworksBuildPhase section */

/* Begin PBXGroup section */
		85BF5AF61945809800E9F1B0 = {
			isa = PBXGroup;
			children = (
				85BF5B011945809800E9F1B0 /* test */,
				85BF5B181945809800E9F1B0 /* testTests */,
				85BF5B001945809800E9F1B0 /* Products */,
			);
			sourceTree = "<group>";
		};
		85BF5B001945809800E9F1B0 /* Products */ = {
			isa = PBXGroup;
			children = (
				85BF5AFF1945809800E9F1B0 /* test.app */,
				85BF5B151945809800E9F1B0 /* testTests.xctest */,
			);
			name = Products;
			sourceTree = "<group>";
		};
		85BF5B011945809800E9F1B0 /* test */ = {
			isa = PBXGroup;
			children = (
				85BF5B041945809800E9F1B0 /* AppDelegate.swift */,
				85BF5B061945809800E9F1B0 /* RootViewController.swift */,
				85BF5B081945809800E9F1B0 /* DataViewController.swift */,
				85BF5B0A1945809800E9F1B0 /* ModelController.swift */,
				85BF5B0C1945809800E9F1B0 /* Main.storyboard */,
				85BF5B0F1945809800E9F1B0 /* Images.xcassets */,
				85BF5B021945809800E9F1B0 /* Supporting Files */,
			);
			path = test;
			sourceTree = "<group>";
		};
		85BF5B021945809800E9F1B0 /* Supporting Files */ = {
			isa = PBXGroup;
			children = (
				85BF5B031945809800E9F1B0 /* Info.plist */,
			);
			name = "Supporting Files";
			sourceTree = "<group>";
		};
		85BF5B181945809800E9F1B0 /* testTests */ = {
			isa = PBXGroup;
			children = (
				85BF5B1B1945809900E9F1B0 /* testTests.swift */,
				85BF5B191945809800E9F1B0 /* Supporting Files */,
			);
			path = testTests;
			sourceTree = "<group>";
		};
		85BF5B191945809800E9F1B0 /* Supporting Files */ = {
			isa = PBXGroup;
			children = (
				85BF5B1A1945809800E9F1B0 /* Info.plist */,
			);
			name = "Supporting Files";
			sourceTree = "<group>";
		};
/* End PBXGroup section */

/* Begin PBXNativeTarget section */
		85BF5AFE1945809800E9F1B0 /* test */ = {
			isa = PBXNativeTarget;
			buildConfigurationList = 85BF5B1F1945809900E9F1B0 /* Build configuration list for PBXNativeTarget "test" */;
			buildPhases = (
				85BF5AFB1945809800E9F1B0 /* Sources */,
				85BF5AFC1945809800E9F1B0 /* Frameworks */,
				85BF5AFD1945809800E9F1B0 /* Resources */,
			);
			buildRules = (
			);
			dependencies = (
			);
			name = test;
			productName = test;
			productReference = 85BF5AFF1945809800E9F1B0 /* test.app */;
			productType = "com.apple.product-type.application";
		};
		85BF5B141945809800E9F1B0 /* testTests */ = {
			isa = PBXNativeTarget;
			buildConfigurationList = 85BF5B221945809900E9F1B0 /* Build configuration list for PBXNativeTarget "testTests" */;
			buildPhases = (
				85BF5B111945809800E9F1B0 /* Sources */,
				85BF5B121945809800E9F1B0 /* Frameworks */,
				85BF5B131945809800E9F1B0 /* Resources */,
			);
			buildRules = (
			);
			dependencies = (
				85BF5B171945809800E9F1B0 /* PBXTargetDependency */,
			);
			name = testTests;
			productName = testTests;
			productReference = 85BF5B151945809800E9F1B0 /* testTests.xctest */;
			productType = "com.apple.product-type.bundle.unit-test";
		};
/* End PBXNativeTarget section */

/* Begin PBXProject section */
		85BF5AF71945809800E9F1B0 /* Project object */ = {
			isa = PBXProject;
			attributes = {
				LastUpgradeCheck = 0600;
				ORGANIZATIONNAME = "Francesco Cerofolini";
				TargetAttributes = {
					85BF5AFE1945809800E9F1B0 = {
						CreatedOnToolsVersion = 6.0;
					};
					85BF5B141945809800E9F1B0 = {
						CreatedOnToolsVersion = 6.0;
						TestTargetID = 85BF5AFE1945809800E9F1B0;
					};
				};
			};
			buildConfigurationList = 85BF5AFA1945809800E9F1B0 /* Build configuration list for PBXProject "test" */;
			compatibilityVersion = "Xcode 3.2";
			developmentRegion = English;
			hasScannedForEncodings = 0;
			knownRegions = (
				en,
				Base,
			);
			mainGroup = 85BF5AF61945809800E9F1B0;
			productRefGroup = 85BF5B001945809800E9F1B0 /* Products */;
			projectDirPath = "";
			projectRoot = "";
			targets = (
				85BF5AFE1945809800E9F1B0 /* test */,
				85BF5B141945809800E9F1B0 /* testTests */,
			);
		};
/* End PBXProject section */

/* Begin PBXResourcesBuildPhase section */
		85BF5AFD1945809800E9F1B0 /* Resources */ = {
			isa = PBXResourcesBuildPhase;
			buildActionMask = 2147483647;
			files = (
				85BF5B0E1945809800E9F1B0 /* Main.storyboard in Resources */,
				85BF5B101945809800E9F1B0 /* Images.xcassets in Resources */,
			);
			runOnlyForDeploymentPostprocessing = 0;
		};
		85BF5B131945809800E9F1B0 /* Resources */ = {
			isa = PBXResourcesBuildPhase;
			buildActionMask = 2147483647;
			files = (
			);
			runOnlyForDeploymentPostprocessing = 0;
		};
/* End PBXResourcesBuildPhase section */

/* Begin PBXSourcesBuildPhase section */
		85BF5AFB1945809800E9F1B0 /* Sources */ = {
			isa = PBXSourcesBuildPhase;
			buildActionMask = 2147483647;
			files = (
				85BF5B071945809800E9F1B0 /* RootViewController.swift in Sources */,
				85BF5B0B1945809800E9F1B0 /* ModelController.swift in Sources */,
				85BF5B091945809800E9F1B0 /* DataViewController.swift in Sources */,
				85BF5B051945809800E9F1B0 /* AppDelegate.swift in Sources */,
			);
			runOnlyForDeploymentPostprocessing = 0;
		};
		85BF5B111945809800E9F1B0 /* Sources */ = {
			isa = PBXSourcesBuildPhase;
			buildActionMask = 2147483647;
			files = (
				85BF5B1C1945809900E9F1B0 /* testTests.swift in Sources */,
			);
			runOnlyForDeploymentPostprocessing = 0;
		};
/* End PBXSourcesBuildPhase section */

/* Begin PBXTargetDependency section */
		85BF5B171945809800E9F1B0 /* PBXTargetDependency */ = {
			isa = PBXTargetDependency;
			target = 85BF5AFE1945809800E9F1B0 /* test */;
			targetProxy = 85BF5B161945809800E9F1B0 /* PBXContainerItemProxy */;
		};
/* End PBXTargetDependency section */

/* Begin PBXVariantGroup section */
		85BF5B0C1945809800E9F1B0 /* Main.storyboard */ = {
			isa = PBXVariantGroup;
			children = (
				85BF5B0D1945809800E9F1B0 /* Base */,
			);
			name = Main.storyboard;
			sourceTree = "<group>";
		};
/* End PBXVariantGroup section */

/* Begin XCBuildConfiguration section */
		85BF5B1D1945809900E9F1B0 /* Debug */ = {
			isa = XCBuildConfiguration;
			buildSettings = {
				ALWAYS_SEARCH_USER_PATHS = NO;
				CLANG_CXX_LANGUAGE_STANDARD = "gnu++0x";
				CLANG_CXX_LIBRARY = "libc++";
				CLANG_ENABLE_MODULES = YES;
				CLANG_ENABLE_OBJC_ARC = YES;
				CLANG_WARN_BOOL_CONVERSION = YES;
				CLANG_WARN_CONSTANT_CONVERSION = YES;
				CLANG_WARN_DIRECT_OBJC_ISA_USAGE = YES_ERROR;
				CLANG_WARN_EMPTY_BODY = YES;
				CLANG_WARN_ENUM_CONVERSION = YES;
				CLANG_WARN_INT_CONVERSION = YES;
				CLANG_WARN_OBJC_ROOT_CLASS = YES_ERROR;
				CLANG_WARN_UNREACHABLE_CODE = YES;
				CLANG_WARN__DUPLICATE_METHOD_MATCH = YES;
				"CODE_SIGN_IDENTITY[sdk=iphoneos*]" = "iPhone Developer";
				COPY_PHASE_STRIP = NO;
				ENABLE_STRICT_OBJC_MSGSEND = YES;
				GCC_C_LANGUAGE_STANDARD = gnu99;
				GCC_DYNAMIC_NO_PIC = NO;
				GCC_OPTIMIZATION_LEVEL = 0;
				GCC_PREPROCESSOR_DEFINITIONS = (
					"DEBUG=1",
					"$(inherited)",
				);
				GCC_SYMBOLS_PRIVATE_EXTERN = NO;
				GCC_WARN_64_TO_32_BIT_CONVERSION = YES;
				GCC_WARN_ABOUT_RETURN_TYPE = YES_ERROR;
				GCC_WARN_UNDECLARED_SELECTOR = YES;
				GCC_WARN_UNINITIALIZED_AUTOS = YES_AGGRESSIVE;
				GCC_WARN_UNUSED_FUNCTION = YES;
				GCC_WARN_UNUSED_VARIABLE = YES;
				IPHONEOS_DEPLOYMENT_TARGET = 8.0;
				METAL_ENABLE_DEBUG_INFO = YES;
				ONLY_ACTIVE_ARCH = YES;
				SDKROOT = iphoneos;
				SWIFT_OPTIMIZATION_LEVEL = "-Onone";
				TARGETED_DEVICE_FAMILY = "1,2";
			};
			name = Debug;
		};
		85BF5B1E1945809900E9F1B0 /* Release */ = {
			isa = XCBuildConfiguration;
			buildSettings = {
				ALWAYS_SEARCH_USER_PATHS = NO;
				CLANG_CXX_LANGUAGE_STANDARD = "gnu++0x";
				CLANG_CXX_LIBRARY = "libc++";
				CLANG_ENABLE_MODULES = YES;
				CLANG_ENABLE_OBJC_ARC = YES;
				CLANG_WARN_BOOL_CONVERSION = YES;
				CLANG_WARN_CONSTANT_CONVERSION = YES;
				CLANG_WARN_DIRECT_OBJC_ISA_USAGE = YES_ERROR;
				CLANG_WARN_EMPTY_BODY = YES;
				CLANG_WARN_ENUM_CONVERSION = YES;
				CLANG_WARN_INT_CONVERSION = YES;
				CLANG_WARN_OBJC_ROOT_CLASS = YES_ERROR;
				CLANG_WARN_UNREACHABLE_CODE = YES;
				CLANG_WARN__DUPLICATE_METHOD_MATCH = YES;
				"CODE_SIGN_IDENTITY[sdk=iphoneos*]" = "iPhone Developer";
				COPY_PHASE_STRIP = YES;
				ENABLE_NS_ASSERTIONS = NO;
				ENABLE_STRICT_OBJC_MSGSEND = YES;
				GCC_C_LANGUAGE_STANDARD = gnu99;
				GCC_WARN_64_TO_32_BIT_CONVERSION = YES;
				GCC_WARN_ABOUT_RETURN_TYPE = YES_ERROR;
				GCC_WARN_UNDECLARED_SELECTOR = YES;
				GCC_WARN_UNINITIALIZED_AUTOS = YES_AGGRESSIVE;
				GCC_WARN_UNUSED_FUNCTION = YES;
				GCC_WARN_UNUSED_VARIABLE = YES;
				IPHONEOS_DEPLOYMENT_TARGET = 8.0;
				METAL_ENABLE_DEBUG_INFO = NO;
				SDKROOT = iphoneos;
				TARGETED_DEVICE_FAMILY = "1,2";
				VALIDATE_PRODUCT = YES;
			};
			name = Release;
		};
		85BF5B201945809900E9F1B0 /* Debug */ = {
			isa = XCBuildConfiguration;
			buildSettings = {
				ASSETCATALOG_COMPILER_APPICON_NAME = AppIcon;
				ASSETCATALOG_COMPILER_LAUNCHIMAGE_NAME = LaunchImage;
				INFOPLIST_FILE = test/Info.plist;
				LD_RUNPATH_SEARCH_PATHS = "$(inherited) @executable_path/Frameworks";
				PRODUCT_NAME = "$(TARGET_NAME)";
			};
			name = Debug;
		};
		85BF5B211945809900E9F1B0 /* Release */ = {
			isa = XCBuildConfiguration;
			buildSettings = {
				ASSETCATALOG_COMPILER_APPICON_NAME = AppIcon;
				ASSETCATALOG_COMPILER_LAUNCHIMAGE_NAME = LaunchImage;
				INFOPLIST_FILE = test/Info.plist;
				LD_RUNPATH_SEARCH_PATHS = "$(inherited) @executable_path/Frameworks";
				PRODUCT_NAME = "$(TARGET_NAME)";
			};
			name = Release;
		};
		85BF5B231945809900E9F1B0 /* Debug */ = {
			isa = XCBuildConfiguration;
			buildSettings = {
				BUNDLE_LOADER = "$(BUILT_PRODUCTS_DIR)/test.app/test";
				FRAMEWORK_SEARCH_PATHS = (
					"$(SDKROOT)/Developer/Library/Frameworks",
					"$(inherited)",
				);
				GCC_PREPROCESSOR_DEFINITIONS = (
					"DEBUG=1",
					"$(inherited)",
				);
				INFOPLIST_FILE = testTests/Info.plist;
				LD_RUNPATH_SEARCH_PATHS = "$(inherited) @executable_path/Frameworks @loader_path/Frameworks";
				METAL_ENABLE_DEBUG_INFO = YES;
				PRODUCT_NAME = "$(TARGET_NAME)";
				TEST_HOST = "$(BUNDLE_LOADER)";
			};
			name = Debug;
		};
		85BF5B241945809900E9F1B0 /* Release */ = {
			isa = XCBuildConfiguration;
			buildSettings = {
				BUNDLE_LOADER = "$(BUILT_PRODUCTS_DIR)/test.app/test";
				FRAMEWORK_SEARCH_PATHS = (
					"$(SDKROOT)/Developer/Library/Frameworks",
					"$(inherited)",
				);
				INFOPLIST_FILE = testTests/Info.plist;
				LD_RUNPATH_SEARCH_PATHS = "$(inherited) @executable_path/Frameworks @loader_path/Frameworks";
				METAL_ENABLE_DEBUG_INFO = NO;
				PRODUCT_NAME = "$(TARGET_NAME)";
				TEST_HOST = "$(BUNDLE_LOADER)";
			};
			name = Release;
		};
/* End XCBuildConfiguration section */

/* Begin XCConfigurationList section */
		85BF5AFA1945809800E9F1B0 /* Build configuration list for PBXProject "test" */ = {
			isa = XCConfigurationList;
			buildConfigurations = (
				85BF5B1D1945809900E9F1B0 /* Debug */,
				85BF5B1E1945809900E9F1B0 /* Release */,
			);
			defaultConfigurationIsVisible = 0;
			defaultConfigurationName = Release;
		};
		85BF5B1F1945809900E9F1B0 /* Build configuration list for PBXNativeTarget "test" */ = {
			isa = XCConfigurationList;
			buildConfigurations = (
				85BF5B201945809900E9F1B0 /* Debug */,
				85BF5B211945809900E9F1B0 /* Release */,
			);
			defaultConfigurationIsVisible = 0;
		};
		85BF5B221945809900E9F1B0 /* Build configuration list for PBXNativeTarget "testTests" */ = {
			isa = XCConfigurationList;
			buildConfigurations = (
				85BF5B231945809900E9F1B0 /* Debug */,
				85BF5B241945809900E9F1B0 /* Release */,
			);
			defaultConfigurationIsVisible = 0;
		};
/* End XCConfigurationList section */
	};
	rootObject = 85BF5AF71945809800E9F1B0 /* Project object */;
}
